
Microsoft Visual Studio Solution File, Format Version 12.00
Project("{2150E333-8FDC-42A3-9474-1A3956D46DE8}") = "Synchronization", "Synchronization", "{F65494CC-FBC1-4E1A-AF99-1847EF196ED5}"
EndProject
Project("{2150E333-8FDC-42A3-9474-1A3956D46DE8}") = "Mutex", "Mutex", "{7F24CF9F-93B5-46C9-94FB-D8B49DF5E14B}"
EndProject
Project("{FAE04EC0-301F-11D3-BF4B-00C04F79EFBC}") = "Tests.Synchronization.Mutex.GlobalMutexTest", "Tests.Synchronization.Mutex.GlobalMutexTest\Tests.Synchronization.Mutex.GlobalMutexTest.csproj", "{2CA907FA-0E3E-48FF-9C97-FC21BF527C71}"
EndProject
Project("{2150E333-8FDC-42A3-9474-1A3956D46DE8}") = "Structs", "Structs", "{8F1D720F-4A97-4F30-8308-27E31B3DA602}"
EndProject
Project("{FAE04EC0-301F-11D3-BF4B-00C04F79EFBC}") = "Tests.Structs.ReadonlyCopyTest", "Tests.Structs.ReadonlyCopyTest\Tests.Structs.ReadonlyCopyTest.csproj", "{896D808F-5295-4794-B279-09C2B1D2D558}"
EndProject
Project("{FAE04EC0-301F-11D3-BF4B-00C04F79EFBC}") = "Tests.Structs.InterfaceUnboxingTest", "Tests.Structs.InterfaceUnboxingTest\Tests.Structs.InterfaceUnboxingTest.csproj", "{E7DCE415-E0DC-4595-ADDD-5C0136D2BDBA}"
EndProject
Project("{2150E333-8FDC-42A3-9474-1A3956D46DE8}") = "Delegates", "Delegates", "{16874889-CD67-440F-8E03-4067AE5945B2}"
EndProject
Project("{2150E333-8FDC-42A3-9474-1A3956D46DE8}") = "Patterns", "Patterns", "{B05316B2-09C8-4D0A-90B5-0379819C186A}"
EndProject
Project("{2150E333-8FDC-42A3-9474-1A3956D46DE8}") = "Collections", "Collections", "{9045B2FE-11C9-4304-97FA-C406E03B2EB5}"
EndProject
Project("{2150E333-8FDC-42A3-9474-1A3956D46DE8}") = "Design", "Design", "{8CA86F97-6EA5-4431-9F6F-C835474CE9C6}"
EndProject
Project("{2150E333-8FDC-42A3-9474-1A3956D46DE8}") = "Principles", "Principles", "{2DC8E650-3307-460E-B877-35B8E5408173}"
EndProject
Project("{2150E333-8FDC-42A3-9474-1A3956D46DE8}") = "Events", "Events", "{4D1844AE-F39B-47B3-AC51-A202D3F6C931}"
EndProject
Project("{FAE04EC0-301F-11D3-BF4B-00C04F79EFBC}") = "Tests.Delegates.DelegateDeclarationTest", "Tests.Delegates.DelegateDeclarationTest\Tests.Delegates.DelegateDeclarationTest.csproj", "{C3EDE59D-825B-4A58-A351-CEA0A13817E7}"
EndProject
Project("{2150E333-8FDC-42A3-9474-1A3956D46DE8}") = "Arrays", "Arrays", "{68DBE304-C1D1-4043-AE08-11F3906D02A4}"
EndProject
Project("{FAE04EC0-301F-11D3-BF4B-00C04F79EFBC}") = "Tests.Collections.Arrays.Declarations", "Tests.Collections.Arrays.Declarations\Tests.Collections.Arrays.Declarations.csproj", "{7B5A8043-7131-4BDB-8FAF-021D3B6105C2}"
EndProject
Project("{FAE04EC0-301F-11D3-BF4B-00C04F79EFBC}") = "Tests.Events.EventTest", "Tests.Events.EventTest\Tests.Events.EventTest.csproj", "{F5185004-4B21-4D17-A03B-B47D75B2F791}"
EndProject
Project("{2150E333-8FDC-42A3-9474-1A3956D46DE8}") = "Creational", "Creational", "{673BF19D-6D29-4BFF-8165-F0EC112E1562}"
EndProject
Project("{FAE04EC0-301F-11D3-BF4B-00C04F79EFBC}") = "Tests.Design.Patterns.Creational.FactoryMethod", "Tests.Design.Patterns.Creational.FactoryMethod\Tests.Design.Patterns.Creational.FactoryMethod.csproj", "{FC72211E-2DE2-4440-B268-07F87825F897}"
EndProject
Project("{2150E333-8FDC-42A3-9474-1A3956D46DE8}") = "Reflection", "Reflection", "{246F6193-9AC6-4939-9712-550117276A55}"
EndProject
Project("{FAE04EC0-301F-11D3-BF4B-00C04F79EFBC}") = "Tests.Design.Patterns.Creational.AbstractFactory", "Tests.Design.Patterns.Creational.AbstractFactory\Tests.Design.Patterns.Creational.AbstractFactory.csproj", "{46860977-EBF2-40F7-A159-93F0982FA371}"
EndProject
Project("{FAE04EC0-301F-11D3-BF4B-00C04F79EFBC}") = "Tests.Design.Patterns.Creational.Builder", "Tests.Design.Patterns.Creational.Builder\Tests.Design.Patterns.Creational.Builder.csproj", "{63E9714C-AF45-4BA5-BBB6-77C7925672DE}"
EndProject
Project("{2150E333-8FDC-42A3-9474-1A3956D46DE8}") = "Misc", "Misc", "{418110BC-5509-44A3-A90E-EFCD007520B1}"
EndProject
Project("{FAE04EC0-301F-11D3-BF4B-00C04F79EFBC}") = "ConsoleApp1", "ConsoleApp1\ConsoleApp1.csproj", "{85C20900-AB5A-4D0E-B4A9-AE49487612E4}"
EndProject
Project("{FAE04EC0-301F-11D3-BF4B-00C04F79EFBC}") = "Tests.Design.Patterns.Creational.Prototype", "Tests.Design.Patterns.Creational.Prototype\Tests.Design.Patterns.Creational.Prototype.csproj", "{3AE28077-A0DE-4E94-BC1B-5E992002D8E0}"
EndProject
Project("{FAE04EC0-301F-11D3-BF4B-00C04F79EFBC}") = "Tests.Design.Patterns.Creational.Singleton", "Tests.Design.Patterns.Creational.Singleton\Tests.Design.Patterns.Creational.Singleton.csproj", "{00812D15-80FB-47D8-9843-87F283DE54CB}"
EndProject
Project("{2150E333-8FDC-42A3-9474-1A3956D46DE8}") = "Structural", "Structural", "{8CB225E5-4C51-4A0B-AD4B-BAEA4A323F30}"
EndProject
Project("{FAE04EC0-301F-11D3-BF4B-00C04F79EFBC}") = "ConsoleApp2", "ConsoleApp2\ConsoleApp2.csproj", "{A77AC417-2FA8-4DC7-98F8-7B08EC5DDABF}"
EndProject
Project("{FAE04EC0-301F-11D3-BF4B-00C04F79EFBC}") = "Tests.Design.Patterns.Structural.Adapter", "Tests.Design.Patterns.Structural.Adapter\Tests.Design.Patterns.Structural.Adapter.csproj", "{3119268C-C862-49C8-9EFA-9AC3CB4CE456}"
EndProject
Project("{FAE04EC0-301F-11D3-BF4B-00C04F79EFBC}") = "Tests.Design.Patterns.Structural.Composite", "Tests.Design.Patterns.Structural.Composite\Tests.Design.Patterns.Structural.Composite.csproj", "{D643DB2B-1A0A-45BC-8931-B071A7014469}"
EndProject
Project("{FAE04EC0-301F-11D3-BF4B-00C04F79EFBC}") = "ConsoleApp3", "ConsoleApp3\ConsoleApp3.csproj", "{DF424647-2D70-463C-8B4A-B1F5A8124AF9}"
EndProject
Project("{2150E333-8FDC-42A3-9474-1A3956D46DE8}") = "Iterating", "Iterating", "{E3FAEA1D-EBF1-43B0-A65C-9049BBB4F614}"
EndProject
Project("{FAE04EC0-301F-11D3-BF4B-00C04F79EFBC}") = "Tests.Collections.Iterating.Foreach", "Tests.Collections.Iterating.Foreach\Tests.Collections.Iterating.Foreach.csproj", "{28F93A0D-74A7-4D58-8CE6-2065A236A812}"
EndProject
Project("{FAE04EC0-301F-11D3-BF4B-00C04F79EFBC}") = "Tests.Design.Patterns.Disposable", "Tests.Design.Patterns.Disposable\Tests.Design.Patterns.Disposable.csproj", "{F8607578-0EDF-41A2-82D1-06465A324546}"
EndProject
Project("{FAE04EC0-301F-11D3-BF4B-00C04F79EFBC}") = "ConsoleApp4", "ConsoleApp4\ConsoleApp4.csproj", "{2C19A570-C05F-4C4C-9DD4-741327726368}"
EndProject
Project("{FAE04EC0-301F-11D3-BF4B-00C04F79EFBC}") = "ConsoleApp5", "ConsoleApp5\ConsoleApp5.csproj", "{02BBD9C6-B6A7-47F0-A7D9-A99158876846}"
EndProject
Project("{FAE04EC0-301F-11D3-BF4B-00C04F79EFBC}") = "Tests.Collections.Iterating.Yield", "Tests.Collections.Iterating.Yield\Tests.Collections.Iterating.Yield.csproj", "{2199DC01-3CCE-4723-8440-98FEA50B4969}"
EndProject
Project("{FAE04EC0-301F-11D3-BF4B-00C04F79EFBC}") = "ConsoleApp6", "ConsoleApp6\ConsoleApp6.csproj", "{E9846F4E-22F7-413C-B25C-AB0B69A6FEA1}"
EndProject
Project("{FAE04EC0-301F-11D3-BF4B-00C04F79EFBC}") = "ConsoleApp7", "ConsoleApp7\ConsoleApp7.csproj", "{CB6D9B0F-EA98-49E1-97AA-CD1405B836CF}"
EndProject
Global
	GlobalSection(SolutionConfigurationPlatforms) = preSolution
		Debug|Any CPU = Debug|Any CPU
		Release|Any CPU = Release|Any CPU
	EndGlobalSection
	GlobalSection(NestedProjects) = preSolution
		{7F24CF9F-93B5-46C9-94FB-D8B49DF5E14B} = {F65494CC-FBC1-4E1A-AF99-1847EF196ED5}
		{2CA907FA-0E3E-48FF-9C97-FC21BF527C71} = {7F24CF9F-93B5-46C9-94FB-D8B49DF5E14B}
		{896D808F-5295-4794-B279-09C2B1D2D558} = {8F1D720F-4A97-4F30-8308-27E31B3DA602}
		{E7DCE415-E0DC-4595-ADDD-5C0136D2BDBA} = {8F1D720F-4A97-4F30-8308-27E31B3DA602}
		{B05316B2-09C8-4D0A-90B5-0379819C186A} = {8CA86F97-6EA5-4431-9F6F-C835474CE9C6}
		{2DC8E650-3307-460E-B877-35B8E5408173} = {8CA86F97-6EA5-4431-9F6F-C835474CE9C6}
		{C3EDE59D-825B-4A58-A351-CEA0A13817E7} = {16874889-CD67-440F-8E03-4067AE5945B2}
		{68DBE304-C1D1-4043-AE08-11F3906D02A4} = {9045B2FE-11C9-4304-97FA-C406E03B2EB5}
		{7B5A8043-7131-4BDB-8FAF-021D3B6105C2} = {68DBE304-C1D1-4043-AE08-11F3906D02A4}
		{F5185004-4B21-4D17-A03B-B47D75B2F791} = {4D1844AE-F39B-47B3-AC51-A202D3F6C931}
		{673BF19D-6D29-4BFF-8165-F0EC112E1562} = {B05316B2-09C8-4D0A-90B5-0379819C186A}
		{FC72211E-2DE2-4440-B268-07F87825F897} = {673BF19D-6D29-4BFF-8165-F0EC112E1562}
		{46860977-EBF2-40F7-A159-93F0982FA371} = {673BF19D-6D29-4BFF-8165-F0EC112E1562}
		{63E9714C-AF45-4BA5-BBB6-77C7925672DE} = {673BF19D-6D29-4BFF-8165-F0EC112E1562}
		{85C20900-AB5A-4D0E-B4A9-AE49487612E4} = {418110BC-5509-44A3-A90E-EFCD007520B1}
		{3AE28077-A0DE-4E94-BC1B-5E992002D8E0} = {673BF19D-6D29-4BFF-8165-F0EC112E1562}
		{00812D15-80FB-47D8-9843-87F283DE54CB} = {673BF19D-6D29-4BFF-8165-F0EC112E1562}
		{8CB225E5-4C51-4A0B-AD4B-BAEA4A323F30} = {B05316B2-09C8-4D0A-90B5-0379819C186A}
		{A77AC417-2FA8-4DC7-98F8-7B08EC5DDABF} = {418110BC-5509-44A3-A90E-EFCD007520B1}
		{3119268C-C862-49C8-9EFA-9AC3CB4CE456} = {8CB225E5-4C51-4A0B-AD4B-BAEA4A323F30}
		{D643DB2B-1A0A-45BC-8931-B071A7014469} = {8CB225E5-4C51-4A0B-AD4B-BAEA4A323F30}
		{DF424647-2D70-463C-8B4A-B1F5A8124AF9} = {418110BC-5509-44A3-A90E-EFCD007520B1}
		{E3FAEA1D-EBF1-43B0-A65C-9049BBB4F614} = {9045B2FE-11C9-4304-97FA-C406E03B2EB5}
		{28F93A0D-74A7-4D58-8CE6-2065A236A812} = {E3FAEA1D-EBF1-43B0-A65C-9049BBB4F614}
		{F8607578-0EDF-41A2-82D1-06465A324546} = {B05316B2-09C8-4D0A-90B5-0379819C186A}
		{2C19A570-C05F-4C4C-9DD4-741327726368} = {418110BC-5509-44A3-A90E-EFCD007520B1}
		{02BBD9C6-B6A7-47F0-A7D9-A99158876846} = {418110BC-5509-44A3-A90E-EFCD007520B1}
		{2199DC01-3CCE-4723-8440-98FEA50B4969} = {E3FAEA1D-EBF1-43B0-A65C-9049BBB4F614}
		{E9846F4E-22F7-413C-B25C-AB0B69A6FEA1} = {418110BC-5509-44A3-A90E-EFCD007520B1}
		{CB6D9B0F-EA98-49E1-97AA-CD1405B836CF} = {418110BC-5509-44A3-A90E-EFCD007520B1}
	EndGlobalSection
	GlobalSection(ProjectConfigurationPlatforms) = postSolution
		{2CA907FA-0E3E-48FF-9C97-FC21BF527C71}.Debug|Any CPU.ActiveCfg = Debug|Any CPU
		{2CA907FA-0E3E-48FF-9C97-FC21BF527C71}.Debug|Any CPU.Build.0 = Debug|Any CPU
		{2CA907FA-0E3E-48FF-9C97-FC21BF527C71}.Release|Any CPU.ActiveCfg = Release|Any CPU
		{2CA907FA-0E3E-48FF-9C97-FC21BF527C71}.Release|Any CPU.Build.0 = Release|Any CPU
		{896D808F-5295-4794-B279-09C2B1D2D558}.Debug|Any CPU.ActiveCfg = Debug|Any CPU
		{896D808F-5295-4794-B279-09C2B1D2D558}.Debug|Any CPU.Build.0 = Debug|Any CPU
		{896D808F-5295-4794-B279-09C2B1D2D558}.Release|Any CPU.ActiveCfg = Release|Any CPU
		{896D808F-5295-4794-B279-09C2B1D2D558}.Release|Any CPU.Build.0 = Release|Any CPU
		{E7DCE415-E0DC-4595-ADDD-5C0136D2BDBA}.Debug|Any CPU.ActiveCfg = Debug|Any CPU
		{E7DCE415-E0DC-4595-ADDD-5C0136D2BDBA}.Debug|Any CPU.Build.0 = Debug|Any CPU
		{E7DCE415-E0DC-4595-ADDD-5C0136D2BDBA}.Release|Any CPU.ActiveCfg = Release|Any CPU
		{E7DCE415-E0DC-4595-ADDD-5C0136D2BDBA}.Release|Any CPU.Build.0 = Release|Any CPU
		{C3EDE59D-825B-4A58-A351-CEA0A13817E7}.Debug|Any CPU.ActiveCfg = Debug|Any CPU
		{C3EDE59D-825B-4A58-A351-CEA0A13817E7}.Debug|Any CPU.Build.0 = Debug|Any CPU
		{C3EDE59D-825B-4A58-A351-CEA0A13817E7}.Release|Any CPU.ActiveCfg = Release|Any CPU
		{C3EDE59D-825B-4A58-A351-CEA0A13817E7}.Release|Any CPU.Build.0 = Release|Any CPU
		{7B5A8043-7131-4BDB-8FAF-021D3B6105C2}.Debug|Any CPU.ActiveCfg = Debug|Any CPU
		{7B5A8043-7131-4BDB-8FAF-021D3B6105C2}.Debug|Any CPU.Build.0 = Debug|Any CPU
		{7B5A8043-7131-4BDB-8FAF-021D3B6105C2}.Release|Any CPU.ActiveCfg = Release|Any CPU
		{7B5A8043-7131-4BDB-8FAF-021D3B6105C2}.Release|Any CPU.Build.0 = Release|Any CPU
		{F5185004-4B21-4D17-A03B-B47D75B2F791}.Debug|Any CPU.ActiveCfg = Debug|Any CPU
		{F5185004-4B21-4D17-A03B-B47D75B2F791}.Debug|Any CPU.Build.0 = Debug|Any CPU
		{F5185004-4B21-4D17-A03B-B47D75B2F791}.Release|Any CPU.ActiveCfg = Release|Any CPU
		{F5185004-4B21-4D17-A03B-B47D75B2F791}.Release|Any CPU.Build.0 = Release|Any CPU
		{FC72211E-2DE2-4440-B268-07F87825F897}.Debug|Any CPU.ActiveCfg = Debug|Any CPU
		{FC72211E-2DE2-4440-B268-07F87825F897}.Debug|Any CPU.Build.0 = Debug|Any CPU
		{FC72211E-2DE2-4440-B268-07F87825F897}.Release|Any CPU.ActiveCfg = Release|Any CPU
		{FC72211E-2DE2-4440-B268-07F87825F897}.Release|Any CPU.Build.0 = Release|Any CPU
		{46860977-EBF2-40F7-A159-93F0982FA371}.Debug|Any CPU.ActiveCfg = Debug|Any CPU
		{46860977-EBF2-40F7-A159-93F0982FA371}.Debug|Any CPU.Build.0 = Debug|Any CPU
		{46860977-EBF2-40F7-A159-93F0982FA371}.Release|Any CPU.ActiveCfg = Release|Any CPU
		{46860977-EBF2-40F7-A159-93F0982FA371}.Release|Any CPU.Build.0 = Release|Any CPU
		{63E9714C-AF45-4BA5-BBB6-77C7925672DE}.Debug|Any CPU.ActiveCfg = Debug|Any CPU
		{63E9714C-AF45-4BA5-BBB6-77C7925672DE}.Debug|Any CPU.Build.0 = Debug|Any CPU
		{63E9714C-AF45-4BA5-BBB6-77C7925672DE}.Release|Any CPU.ActiveCfg = Release|Any CPU
		{63E9714C-AF45-4BA5-BBB6-77C7925672DE}.Release|Any CPU.Build.0 = Release|Any CPU
		{85C20900-AB5A-4D0E-B4A9-AE49487612E4}.Debug|Any CPU.ActiveCfg = Debug|Any CPU
		{85C20900-AB5A-4D0E-B4A9-AE49487612E4}.Debug|Any CPU.Build.0 = Debug|Any CPU
		{85C20900-AB5A-4D0E-B4A9-AE49487612E4}.Release|Any CPU.ActiveCfg = Release|Any CPU
		{85C20900-AB5A-4D0E-B4A9-AE49487612E4}.Release|Any CPU.Build.0 = Release|Any CPU
		{3AE28077-A0DE-4E94-BC1B-5E992002D8E0}.Debug|Any CPU.ActiveCfg = Debug|Any CPU
		{3AE28077-A0DE-4E94-BC1B-5E992002D8E0}.Debug|Any CPU.Build.0 = Debug|Any CPU
		{3AE28077-A0DE-4E94-BC1B-5E992002D8E0}.Release|Any CPU.ActiveCfg = Release|Any CPU
		{3AE28077-A0DE-4E94-BC1B-5E992002D8E0}.Release|Any CPU.Build.0 = Release|Any CPU
		{00812D15-80FB-47D8-9843-87F283DE54CB}.Debug|Any CPU.ActiveCfg = Debug|Any CPU
		{00812D15-80FB-47D8-9843-87F283DE54CB}.Debug|Any CPU.Build.0 = Debug|Any CPU
		{00812D15-80FB-47D8-9843-87F283DE54CB}.Release|Any CPU.ActiveCfg = Release|Any CPU
		{00812D15-80FB-47D8-9843-87F283DE54CB}.Release|Any CPU.Build.0 = Release|Any CPU
		{A77AC417-2FA8-4DC7-98F8-7B08EC5DDABF}.Debug|Any CPU.ActiveCfg = Debug|Any CPU
		{A77AC417-2FA8-4DC7-98F8-7B08EC5DDABF}.Debug|Any CPU.Build.0 = Debug|Any CPU
		{A77AC417-2FA8-4DC7-98F8-7B08EC5DDABF}.Release|Any CPU.ActiveCfg = Release|Any CPU
		{A77AC417-2FA8-4DC7-98F8-7B08EC5DDABF}.Release|Any CPU.Build.0 = Release|Any CPU
		{3119268C-C862-49C8-9EFA-9AC3CB4CE456}.Debug|Any CPU.ActiveCfg = Debug|Any CPU
		{3119268C-C862-49C8-9EFA-9AC3CB4CE456}.Debug|Any CPU.Build.0 = Debug|Any CPU
		{3119268C-C862-49C8-9EFA-9AC3CB4CE456}.Release|Any CPU.ActiveCfg = Release|Any CPU
		{3119268C-C862-49C8-9EFA-9AC3CB4CE456}.Release|Any CPU.Build.0 = Release|Any CPU
		{D643DB2B-1A0A-45BC-8931-B071A7014469}.Debug|Any CPU.ActiveCfg = Debug|Any CPU
		{D643DB2B-1A0A-45BC-8931-B071A7014469}.Debug|Any CPU.Build.0 = Debug|Any CPU
		{D643DB2B-1A0A-45BC-8931-B071A7014469}.Release|Any CPU.ActiveCfg = Release|Any CPU
		{D643DB2B-1A0A-45BC-8931-B071A7014469}.Release|Any CPU.Build.0 = Release|Any CPU
		{DF424647-2D70-463C-8B4A-B1F5A8124AF9}.Debug|Any CPU.ActiveCfg = Debug|Any CPU
		{DF424647-2D70-463C-8B4A-B1F5A8124AF9}.Debug|Any CPU.Build.0 = Debug|Any CPU
		{DF424647-2D70-463C-8B4A-B1F5A8124AF9}.Release|Any CPU.ActiveCfg = Release|Any CPU
		{DF424647-2D70-463C-8B4A-B1F5A8124AF9}.Release|Any CPU.Build.0 = Release|Any CPU
		{28F93A0D-74A7-4D58-8CE6-2065A236A812}.Debug|Any CPU.ActiveCfg = Debug|Any CPU
		{28F93A0D-74A7-4D58-8CE6-2065A236A812}.Debug|Any CPU.Build.0 = Debug|Any CPU
		{28F93A0D-74A7-4D58-8CE6-2065A236A812}.Release|Any CPU.ActiveCfg = Release|Any CPU
		{28F93A0D-74A7-4D58-8CE6-2065A236A812}.Release|Any CPU.Build.0 = Release|Any CPU
		{F8607578-0EDF-41A2-82D1-06465A324546}.Debug|Any CPU.ActiveCfg = Debug|Any CPU
		{F8607578-0EDF-41A2-82D1-06465A324546}.Debug|Any CPU.Build.0 = Debug|Any CPU
		{F8607578-0EDF-41A2-82D1-06465A324546}.Release|Any CPU.ActiveCfg = Release|Any CPU
		{F8607578-0EDF-41A2-82D1-06465A324546}.Release|Any CPU.Build.0 = Release|Any CPU
		{2C19A570-C05F-4C4C-9DD4-741327726368}.Debug|Any CPU.ActiveCfg = Debug|Any CPU
		{2C19A570-C05F-4C4C-9DD4-741327726368}.Debug|Any CPU.Build.0 = Debug|Any CPU
		{2C19A570-C05F-4C4C-9DD4-741327726368}.Release|Any CPU.ActiveCfg = Release|Any CPU
		{2C19A570-C05F-4C4C-9DD4-741327726368}.Release|Any CPU.Build.0 = Release|Any CPU
		{02BBD9C6-B6A7-47F0-A7D9-A99158876846}.Debug|Any CPU.ActiveCfg = Debug|Any CPU
		{02BBD9C6-B6A7-47F0-A7D9-A99158876846}.Debug|Any CPU.Build.0 = Debug|Any CPU
		{02BBD9C6-B6A7-47F0-A7D9-A99158876846}.Release|Any CPU.ActiveCfg = Release|Any CPU
		{02BBD9C6-B6A7-47F0-A7D9-A99158876846}.Release|Any CPU.Build.0 = Release|Any CPU
		{2199DC01-3CCE-4723-8440-98FEA50B4969}.Debug|Any CPU.ActiveCfg = Debug|Any CPU
		{2199DC01-3CCE-4723-8440-98FEA50B4969}.Debug|Any CPU.Build.0 = Debug|Any CPU
		{2199DC01-3CCE-4723-8440-98FEA50B4969}.Release|Any CPU.ActiveCfg = Release|Any CPU
		{2199DC01-3CCE-4723-8440-98FEA50B4969}.Release|Any CPU.Build.0 = Release|Any CPU
		{E9846F4E-22F7-413C-B25C-AB0B69A6FEA1}.Debug|Any CPU.ActiveCfg = Debug|Any CPU
		{E9846F4E-22F7-413C-B25C-AB0B69A6FEA1}.Debug|Any CPU.Build.0 = Debug|Any CPU
		{E9846F4E-22F7-413C-B25C-AB0B69A6FEA1}.Release|Any CPU.ActiveCfg = Release|Any CPU
		{E9846F4E-22F7-413C-B25C-AB0B69A6FEA1}.Release|Any CPU.Build.0 = Release|Any CPU
		{CB6D9B0F-EA98-49E1-97AA-CD1405B836CF}.Debug|Any CPU.ActiveCfg = Debug|Any CPU
		{CB6D9B0F-EA98-49E1-97AA-CD1405B836CF}.Debug|Any CPU.Build.0 = Debug|Any CPU
		{CB6D9B0F-EA98-49E1-97AA-CD1405B836CF}.Release|Any CPU.ActiveCfg = Release|Any CPU
		{CB6D9B0F-EA98-49E1-97AA-CD1405B836CF}.Release|Any CPU.Build.0 = Release|Any CPU
	EndGlobalSection
EndGlobal
